// !$*UTF8*$!
{
	archiveVersion = 1;
	classes = {
	};
	objectVersion = 50;
	objects = {

/* Begin PBXBuildFile section */
		595159C426C593F400E1821E /* HexagonParameters.swift in Sources */ = {isa = PBXBuildFile; fileRef = 595159C326C593F400E1821E /* HexagonParameters.swift */; };
		595159C926C5948700E1821E /* BadgeBackground.swift in Sources */ = {isa = PBXBuildFile; fileRef = 595159C826C5948700E1821E /* BadgeBackground.swift */; };
		595159CE26C596C600E1821E /* BadgeSymbol.swift in Sources */ = {isa = PBXBuildFile; fileRef = 595159CD26C596C600E1821E /* BadgeSymbol.swift */; };
		595159D326C5986000E1821E /* RotatedBadgeSymbol.swift in Sources */ = {isa = PBXBuildFile; fileRef = 595159D226C5986000E1821E /* RotatedBadgeSymbol.swift */; };
		595159D826C598A000E1821E /* Badge.swift in Sources */ = {isa = PBXBuildFile; fileRef = 595159D726C598A000E1821E /* Badge.swift */; };
		595159DE26C5A59200E1821E /* hikeData.json in Resources */ = {isa = PBXBuildFile; fileRef = 595159DD26C5A59200E1821E /* hikeData.json */; };
		595159E326C5A5B800E1821E /* Hike.swift in Sources */ = {isa = PBXBuildFile; fileRef = 595159E226C5A5B800E1821E /* Hike.swift */; };
		595159EC26C5A62800E1821E /* GraphCapsule.swift in Sources */ = {isa = PBXBuildFile; fileRef = 595159E826C5A62800E1821E /* GraphCapsule.swift */; };
		595159ED26C5A62800E1821E /* HikeGraph.swift in Sources */ = {isa = PBXBuildFile; fileRef = 595159E926C5A62800E1821E /* HikeGraph.swift */; };
		595159EE26C5A62800E1821E /* HikeDetail.swift in Sources */ = {isa = PBXBuildFile; fileRef = 595159EA26C5A62800E1821E /* HikeDetail.swift */; };
		595159EF26C5A62800E1821E /* HikeView.swift in Sources */ = {isa = PBXBuildFile; fileRef = 595159EB26C5A62800E1821E /* HikeView.swift */; };
		5967806426C42E7600506CBE /* Swift_UI_TutorialApp.swift in Sources */ = {isa = PBXBuildFile; fileRef = 5967806326C42E7600506CBE /* Swift_UI_TutorialApp.swift */; };
		5967806626C42E7600506CBE /* ContentView.swift in Sources */ = {isa = PBXBuildFile; fileRef = 5967806526C42E7600506CBE /* ContentView.swift */; };
		5967806826C42E7900506CBE /* Assets.xcassets in Resources */ = {isa = PBXBuildFile; fileRef = 5967806726C42E7900506CBE /* Assets.xcassets */; };
		5967806B26C42E7900506CBE /* Preview Assets.xcassets in Resources */ = {isa = PBXBuildFile; fileRef = 5967806A26C42E7900506CBE /* Preview Assets.xcassets */; };
		5967807626C42E7900506CBE /* Swift_UI_TutorialTests.swift in Sources */ = {isa = PBXBuildFile; fileRef = 5967807526C42E7900506CBE /* Swift_UI_TutorialTests.swift */; };
		5967808126C42E7900506CBE /* Swift_UI_TutorialUITests.swift in Sources */ = {isa = PBXBuildFile; fileRef = 5967808026C42E7900506CBE /* Swift_UI_TutorialUITests.swift */; };
		5967809226C4336600506CBE /* CircleImage.swift in Sources */ = {isa = PBXBuildFile; fileRef = 5967809126C4336600506CBE /* CircleImage.swift */; };
		5967809726C4349C00506CBE /* MapView.swift in Sources */ = {isa = PBXBuildFile; fileRef = 5967809626C4349C00506CBE /* MapView.swift */; };
		5967809D26C4406A00506CBE /* landmarkData.json in Resources */ = {isa = PBXBuildFile; fileRef = 5967809C26C4406A00506CBE /* landmarkData.json */; };
		596780A426C444E800506CBE /* Landmark.swift in Sources */ = {isa = PBXBuildFile; fileRef = 596780A326C444E800506CBE /* Landmark.swift */; };
		596780A926C445CF00506CBE /* ModelData.swift in Sources */ = {isa = PBXBuildFile; fileRef = 596780A826C445CF00506CBE /* ModelData.swift */; };
		596780B226C4466800506CBE /* LandmarkItem.swift in Sources */ = {isa = PBXBuildFile; fileRef = 596780B126C4466800506CBE /* LandmarkItem.swift */; };
		596780B726C447D600506CBE /* LandmarkList.swift in Sources */ = {isa = PBXBuildFile; fileRef = 596780B626C447D600506CBE /* LandmarkList.swift */; };
		596780BC26C448ED00506CBE /* LandmarkDetail.swift in Sources */ = {isa = PBXBuildFile; fileRef = 596780BB26C448ED00506CBE /* LandmarkDetail.swift */; };
		59DF618026C6D09300D579F0 /* CategoryHome.swift in Sources */ = {isa = PBXBuildFile; fileRef = 59DF617F26C6D09300D579F0 /* CategoryHome.swift */; };
		59DF618526C6D25500D579F0 /* CategoryRow.swift in Sources */ = {isa = PBXBuildFile; fileRef = 59DF618426C6D25500D579F0 /* CategoryRow.swift */; };
		59DF618A26C6D50B00D579F0 /* CategoryItem.swift in Sources */ = {isa = PBXBuildFile; fileRef = 59DF618926C6D50B00D579F0 /* CategoryItem.swift */; };
		59DF619326C6DC9C00D579F0 /* Profile.swift in Sources */ = {isa = PBXBuildFile; fileRef = 59DF619226C6DC9C00D579F0 /* Profile.swift */; };
		59DF619926C6DCCB00D579F0 /* ProfileHost.swift in Sources */ = {isa = PBXBuildFile; fileRef = 59DF619826C6DCCB00D579F0 /* ProfileHost.swift */; };
		59DF619E26C6DD3400D579F0 /* ProfileSummary.swift in Sources */ = {isa = PBXBuildFile; fileRef = 59DF619D26C6DD3400D579F0 /* ProfileSummary.swift */; };
		59DF61A326C6E05300D579F0 /* HikeBadge.swift in Sources */ = {isa = PBXBuildFile; fileRef = 59DF61A226C6E05300D579F0 /* HikeBadge.swift */; };
		59F1384226C5855D00E3C4CC /* FavoriteButton.swift in Sources */ = {isa = PBXBuildFile; fileRef = 59F1384126C5855D00E3C4CC /* FavoriteButton.swift */; };
/* End PBXBuildFile section */

/* Begin PBXContainerItemProxy section */
		5967807226C42E7900506CBE /* PBXContainerItemProxy */ = {
			isa = PBXContainerItemProxy;
			containerPortal = 5967805826C42E7500506CBE /* Project object */;
			proxyType = 1;
			remoteGlobalIDString = 5967805F26C42E7500506CBE;
			remoteInfo = "Swift UI Tutorial";
		};
		5967807D26C42E7900506CBE /* PBXContainerItemProxy */ = {
			isa = PBXContainerItemProxy;
			containerPortal = 5967805826C42E7500506CBE /* Project object */;
			proxyType = 1;
			remoteGlobalIDString = 5967805F26C42E7500506CBE;
			remoteInfo = "Swift UI Tutorial";
		};
/* End PBXContainerItemProxy section */

/* Begin PBXFileReference section */
		595159C326C593F400E1821E /* HexagonParameters.swift */ = {isa = PBXFileReference; lastKnownFileType = sourcecode.swift; path = HexagonParameters.swift; sourceTree = "<group>"; };
		595159C826C5948700E1821E /* BadgeBackground.swift */ = {isa = PBXFileReference; lastKnownFileType = sourcecode.swift; path = BadgeBackground.swift; sourceTree = "<group>"; };
		595159CD26C596C600E1821E /* BadgeSymbol.swift */ = {isa = PBXFileReference; lastKnownFileType = sourcecode.swift; path = BadgeSymbol.swift; sourceTree = "<group>"; };
		595159D226C5986000E1821E /* RotatedBadgeSymbol.swift */ = {isa = PBXFileReference; lastKnownFileType = sourcecode.swift; path = RotatedBadgeSymbol.swift; sourceTree = "<group>"; };
		595159D726C598A000E1821E /* Badge.swift */ = {isa = PBXFileReference; lastKnownFileType = sourcecode.swift; path = Badge.swift; sourceTree = "<group>"; };
		595159DD26C5A59200E1821E /* hikeData.json */ = {isa = PBXFileReference; fileEncoding = 4; lastKnownFileType = text.json; path = hikeData.json; sourceTree = "<group>"; };
		595159E226C5A5B800E1821E /* Hike.swift */ = {isa = PBXFileReference; lastKnownFileType = sourcecode.swift; path = Hike.swift; sourceTree = "<group>"; };
		595159E826C5A62800E1821E /* GraphCapsule.swift */ = {isa = PBXFileReference; fileEncoding = 4; lastKnownFileType = sourcecode.swift; path = GraphCapsule.swift; sourceTree = "<group>"; };
		595159E926C5A62800E1821E /* HikeGraph.swift */ = {isa = PBXFileReference; fileEncoding = 4; lastKnownFileType = sourcecode.swift; path = HikeGraph.swift; sourceTree = "<group>"; };
		595159EA26C5A62800E1821E /* HikeDetail.swift */ = {isa = PBXFileReference; fileEncoding = 4; lastKnownFileType = sourcecode.swift; path = HikeDetail.swift; sourceTree = "<group>"; };
		595159EB26C5A62800E1821E /* HikeView.swift */ = {isa = PBXFileReference; fileEncoding = 4; lastKnownFileType = sourcecode.swift; path = HikeView.swift; sourceTree = "<group>"; };
		5967806026C42E7600506CBE /* Swift UI Tutorial.app */ = {isa = PBXFileReference; explicitFileType = wrapper.application; includeInIndex = 0; path = "Swift UI Tutorial.app"; sourceTree = BUILT_PRODUCTS_DIR; };
		5967806326C42E7600506CBE /* Swift_UI_TutorialApp.swift */ = {isa = PBXFileReference; lastKnownFileType = sourcecode.swift; path = Swift_UI_TutorialApp.swift; sourceTree = "<group>"; };
		5967806526C42E7600506CBE /* ContentView.swift */ = {isa = PBXFileReference; lastKnownFileType = sourcecode.swift; path = ContentView.swift; sourceTree = "<group>"; };
		5967806726C42E7900506CBE /* Assets.xcassets */ = {isa = PBXFileReference; lastKnownFileType = folder.assetcatalog; path = Assets.xcassets; sourceTree = "<group>"; };
		5967806A26C42E7900506CBE /* Preview Assets.xcassets */ = {isa = PBXFileReference; lastKnownFileType = folder.assetcatalog; path = "Preview Assets.xcassets"; sourceTree = "<group>"; };
		5967806C26C42E7900506CBE /* Info.plist */ = {isa = PBXFileReference; lastKnownFileType = text.plist.xml; path = Info.plist; sourceTree = "<group>"; };
		5967807126C42E7900506CBE /* Swift UI TutorialTests.xctest */ = {isa = PBXFileReference; explicitFileType = wrapper.cfbundle; includeInIndex = 0; path = "Swift UI TutorialTests.xctest"; sourceTree = BUILT_PRODUCTS_DIR; };
		5967807526C42E7900506CBE /* Swift_UI_TutorialTests.swift */ = {isa = PBXFileReference; lastKnownFileType = sourcecode.swift; path = Swift_UI_TutorialTests.swift; sourceTree = "<group>"; };
		5967807726C42E7900506CBE /* Info.plist */ = {isa = PBXFileReference; lastKnownFileType = text.plist.xml; path = Info.plist; sourceTree = "<group>"; };
		5967807C26C42E7900506CBE /* Swift UI TutorialUITests.xctest */ = {isa = PBXFileReference; explicitFileType = wrapper.cfbundle; includeInIndex = 0; path = "Swift UI TutorialUITests.xctest"; sourceTree = BUILT_PRODUCTS_DIR; };
		5967808026C42E7900506CBE /* Swift_UI_TutorialUITests.swift */ = {isa = PBXFileReference; lastKnownFileType = sourcecode.swift; path = Swift_UI_TutorialUITests.swift; sourceTree = "<group>"; };
		5967808226C42E7900506CBE /* Info.plist */ = {isa = PBXFileReference; lastKnownFileType = text.plist.xml; path = Info.plist; sourceTree = "<group>"; };
		5967809126C4336600506CBE /* CircleImage.swift */ = {isa = PBXFileReference; lastKnownFileType = sourcecode.swift; path = CircleImage.swift; sourceTree = "<group>"; };
		5967809626C4349C00506CBE /* MapView.swift */ = {isa = PBXFileReference; lastKnownFileType = sourcecode.swift; path = MapView.swift; sourceTree = "<group>"; };
		5967809C26C4406A00506CBE /* landmarkData.json */ = {isa = PBXFileReference; fileEncoding = 4; lastKnownFileType = text.json; path = landmarkData.json; sourceTree = "<group>"; };
		596780A326C444E800506CBE /* Landmark.swift */ = {isa = PBXFileReference; lastKnownFileType = sourcecode.swift; path = Landmark.swift; sourceTree = "<group>"; };
		596780A826C445CF00506CBE /* ModelData.swift */ = {isa = PBXFileReference; lastKnownFileType = sourcecode.swift; path = ModelData.swift; sourceTree = "<group>"; };
		596780B126C4466800506CBE /* LandmarkItem.swift */ = {isa = PBXFileReference; lastKnownFileType = sourcecode.swift; path = LandmarkItem.swift; sourceTree = "<group>"; };
		596780B626C447D600506CBE /* LandmarkList.swift */ = {isa = PBXFileReference; lastKnownFileType = sourcecode.swift; path = LandmarkList.swift; sourceTree = "<group>"; };
		596780BB26C448ED00506CBE /* LandmarkDetail.swift */ = {isa = PBXFileReference; lastKnownFileType = sourcecode.swift; path = LandmarkDetail.swift; sourceTree = "<group>"; };
		59DF617F26C6D09300D579F0 /* CategoryHome.swift */ = {isa = PBXFileReference; lastKnownFileType = sourcecode.swift; path = CategoryHome.swift; sourceTree = "<group>"; };
		59DF618426C6D25500D579F0 /* CategoryRow.swift */ = {isa = PBXFileReference; lastKnownFileType = sourcecode.swift; path = CategoryRow.swift; sourceTree = "<group>"; };
		59DF618926C6D50B00D579F0 /* CategoryItem.swift */ = {isa = PBXFileReference; lastKnownFileType = sourcecode.swift; path = CategoryItem.swift; sourceTree = "<group>"; };
		59DF619226C6DC9C00D579F0 /* Profile.swift */ = {isa = PBXFileReference; lastKnownFileType = sourcecode.swift; path = Profile.swift; sourceTree = "<group>"; };
		59DF619826C6DCCB00D579F0 /* ProfileHost.swift */ = {isa = PBXFileReference; lastKnownFileType = sourcecode.swift; path = ProfileHost.swift; sourceTree = "<group>"; };
		59DF619D26C6DD3400D579F0 /* ProfileSummary.swift */ = {isa = PBXFileReference; lastKnownFileType = sourcecode.swift; path = ProfileSummary.swift; sourceTree = "<group>"; };
		59DF61A226C6E05300D579F0 /* HikeBadge.swift */ = {isa = PBXFileReference; lastKnownFileType = sourcecode.swift; path = HikeBadge.swift; sourceTree = "<group>"; };
		59F1384126C5855D00E3C4CC /* FavoriteButton.swift */ = {isa = PBXFileReference; lastKnownFileType = sourcecode.swift; path = FavoriteButton.swift; sourceTree = "<group>"; };
/* End PBXFileReference section */

/* Begin PBXFrameworksBuildPhase section */
		5967805D26C42E7500506CBE /* Frameworks */ = {
			isa = PBXFrameworksBuildPhase;
			buildActionMask = 2147483647;
			files = (
			);
			runOnlyForDeploymentPostprocessing = 0;
		};
		5967806E26C42E7900506CBE /* Frameworks */ = {
			isa = PBXFrameworksBuildPhase;
			buildActionMask = 2147483647;
			files = (
			);
			runOnlyForDeploymentPostprocessing = 0;
		};
		5967807926C42E7900506CBE /* Frameworks */ = {
			isa = PBXFrameworksBuildPhase;
			buildActionMask = 2147483647;
			files = (
			);
			runOnlyForDeploymentPostprocessing = 0;
		};
/* End PBXFrameworksBuildPhase section */

/* Begin PBXGroup section */
		595159DC26C5994500E1821E /* Badge */ = {
			isa = PBXGroup;
			children = (
				59F1384626C5864F00E3C4CC /* Landmarks */,
				595159C326C593F400E1821E /* HexagonParameters.swift */,
				595159C826C5948700E1821E /* BadgeBackground.swift */,
				595159CD26C596C600E1821E /* BadgeSymbol.swift */,
				595159D226C5986000E1821E /* RotatedBadgeSymbol.swift */,
				595159D726C598A000E1821E /* Badge.swift */,
			);
			path = Badge;
			sourceTree = "<group>";
		};
		595159E726C5A62800E1821E /* Hikes */ = {
			isa = PBXGroup;
			children = (
				595159E826C5A62800E1821E /* GraphCapsule.swift */,
				595159E926C5A62800E1821E /* HikeGraph.swift */,
				595159EA26C5A62800E1821E /* HikeDetail.swift */,
				595159EB26C5A62800E1821E /* HikeView.swift */,
				59DF61A226C6E05300D579F0 /* HikeBadge.swift */,
			);
			path = Hikes;
			sourceTree = "<group>";
		};
		5967805726C42E7500506CBE = {
			isa = PBXGroup;
			children = (
				5967806226C42E7600506CBE /* Swift UI Tutorial */,
				5967807426C42E7900506CBE /* Swift UI TutorialTests */,
				5967807F26C42E7900506CBE /* Swift UI TutorialUITests */,
				5967806126C42E7600506CBE /* Products */,
			);
			sourceTree = "<group>";
		};
		5967806126C42E7600506CBE /* Products */ = {
			isa = PBXGroup;
			children = (
				5967806026C42E7600506CBE /* Swift UI Tutorial.app */,
				5967807126C42E7900506CBE /* Swift UI TutorialTests.xctest */,
				5967807C26C42E7900506CBE /* Swift UI TutorialUITests.xctest */,
			);
			name = Products;
			sourceTree = "<group>";
		};
		5967806226C42E7600506CBE /* Swift UI Tutorial */ = {
			isa = PBXGroup;
			children = (
				596780A226C444D400506CBE /* Model */,
				596780AD26C4462300506CBE /* Views */,
				5967809B26C4404800506CBE /* Resources */,
				5967806C26C42E7900506CBE /* Info.plist */,
				5967806926C42E7900506CBE /* Preview Content */,
			);
			path = "Swift UI Tutorial";
			sourceTree = "<group>";
		};
		5967806926C42E7900506CBE /* Preview Content */ = {
			isa = PBXGroup;
			children = (
				5967806A26C42E7900506CBE /* Preview Assets.xcassets */,
			);
			path = "Preview Content";
			sourceTree = "<group>";
		};
		5967807426C42E7900506CBE /* Swift UI TutorialTests */ = {
			isa = PBXGroup;
			children = (
				5967807526C42E7900506CBE /* Swift_UI_TutorialTests.swift */,
				5967807726C42E7900506CBE /* Info.plist */,
			);
			path = "Swift UI TutorialTests";
			sourceTree = "<group>";
		};
		5967807F26C42E7900506CBE /* Swift UI TutorialUITests */ = {
			isa = PBXGroup;
			children = (
				5967808026C42E7900506CBE /* Swift_UI_TutorialUITests.swift */,
				5967808226C42E7900506CBE /* Info.plist */,
			);
			path = "Swift UI TutorialUITests";
			sourceTree = "<group>";
		};
		5967809B26C4404800506CBE /* Resources */ = {
			isa = PBXGroup;
			children = (
				595159DD26C5A59200E1821E /* hikeData.json */,
				5967809C26C4406A00506CBE /* landmarkData.json */,
				5967806726C42E7900506CBE /* Assets.xcassets */,
			);
			path = Resources;
			sourceTree = "<group>";
		};
		596780A226C444D400506CBE /* Model */ = {
			isa = PBXGroup;
			children = (
				596780A326C444E800506CBE /* Landmark.swift */,
				59DF619226C6DC9C00D579F0 /* Profile.swift */,
				596780A826C445CF00506CBE /* ModelData.swift */,
				595159E226C5A5B800E1821E /* Hike.swift */,
			);
			path = Model;
			sourceTree = "<group>";
		};
		596780AD26C4462300506CBE /* Views */ = {
			isa = PBXGroup;
			children = (
				59DF619726C6DCB700D579F0 /* Profiles */,
				59DF618E26C6DC3500D579F0 /* Category */,
				595159DC26C5994500E1821E /* Badge */,
				595159E726C5A62800E1821E /* Hikes */,
				59F1384726C5865800E3C4CC /* Utils */,
				5967806326C42E7600506CBE /* Swift_UI_TutorialApp.swift */,
				5967806526C42E7600506CBE /* ContentView.swift */,
			);
			path = Views;
			sourceTree = "<group>";
		};
		59DF618E26C6DC3500D579F0 /* Category */ = {
			isa = PBXGroup;
			children = (
				59DF618926C6D50B00D579F0 /* CategoryItem.swift */,
				59DF617F26C6D09300D579F0 /* CategoryHome.swift */,
				59DF618426C6D25500D579F0 /* CategoryRow.swift */,
			);
			path = Category;
			sourceTree = "<group>";
		};
		59DF619726C6DCB700D579F0 /* Profiles */ = {
			isa = PBXGroup;
			children = (
				59DF619826C6DCCB00D579F0 /* ProfileHost.swift */,
				59DF619D26C6DD3400D579F0 /* ProfileSummary.swift */,
			);
			path = Profiles;
			sourceTree = "<group>";
		};
		59F1384626C5864F00E3C4CC /* Landmarks */ = {
			isa = PBXGroup;
			children = (
				596780B126C4466800506CBE /* LandmarkItem.swift */,
				596780B626C447D600506CBE /* LandmarkList.swift */,
				596780BB26C448ED00506CBE /* LandmarkDetail.swift */,
			);
			path = Landmarks;
			sourceTree = "<group>";
		};
		59F1384726C5865800E3C4CC /* Utils */ = {
			isa = PBXGroup;
			children = (
				5967809126C4336600506CBE /* CircleImage.swift */,
				5967809626C4349C00506CBE /* MapView.swift */,
				59F1384126C5855D00E3C4CC /* FavoriteButton.swift */,
			);
			path = Utils;
			sourceTree = "<group>";
		};
/* End PBXGroup section */

/* Begin PBXNativeTarget section */
		5967805F26C42E7500506CBE /* Swift UI Tutorial */ = {
			isa = PBXNativeTarget;
			buildConfigurationList = 5967808526C42E7900506CBE /* Build configuration list for PBXNativeTarget "Swift UI Tutorial" */;
			buildPhases = (
				5967805C26C42E7500506CBE /* Sources */,
				5967805D26C42E7500506CBE /* Frameworks */,
				5967805E26C42E7500506CBE /* Resources */,
			);
			buildRules = (
			);
			dependencies = (
			);
			name = "Swift UI Tutorial";
			productName = "Swift UI Tutorial";
			productReference = 5967806026C42E7600506CBE /* Swift UI Tutorial.app */;
			productType = "com.apple.product-type.application";
		};
		5967807026C42E7900506CBE /* Swift UI TutorialTests */ = {
			isa = PBXNativeTarget;
			buildConfigurationList = 5967808826C42E7900506CBE /* Build configuration list for PBXNativeTarget "Swift UI TutorialTests" */;
			buildPhases = (
				5967806D26C42E7900506CBE /* Sources */,
				5967806E26C42E7900506CBE /* Frameworks */,
				5967806F26C42E7900506CBE /* Resources */,
			);
			buildRules = (
			);
			dependencies = (
				5967807326C42E7900506CBE /* PBXTargetDependency */,
			);
			name = "Swift UI TutorialTests";
			productName = "Swift UI TutorialTests";
			productReference = 5967807126C42E7900506CBE /* Swift UI TutorialTests.xctest */;
			productType = "com.apple.product-type.bundle.unit-test";
		};
		5967807B26C42E7900506CBE /* Swift UI TutorialUITests */ = {
			isa = PBXNativeTarget;
			buildConfigurationList = 5967808B26C42E7900506CBE /* Build configuration list for PBXNativeTarget "Swift UI TutorialUITests" */;
			buildPhases = (
				5967807826C42E7900506CBE /* Sources */,
				5967807926C42E7900506CBE /* Frameworks */,
				5967807A26C42E7900506CBE /* Resources */,
			);
			buildRules = (
			);
			dependencies = (
				5967807E26C42E7900506CBE /* PBXTargetDependency */,
			);
			name = "Swift UI TutorialUITests";
			productName = "Swift UI TutorialUITests";
			productReference = 5967807C26C42E7900506CBE /* Swift UI TutorialUITests.xctest */;
			productType = "com.apple.product-type.bundle.ui-testing";
		};
/* End PBXNativeTarget section */

/* Begin PBXProject section */
		5967805826C42E7500506CBE /* Project object */ = {
			isa = PBXProject;
			attributes = {
				LastSwiftUpdateCheck = 1240;
				LastUpgradeCheck = 1240;
				TargetAttributes = {
					5967805F26C42E7500506CBE = {
						CreatedOnToolsVersion = 12.4;
					};
					5967807026C42E7900506CBE = {
						CreatedOnToolsVersion = 12.4;
						TestTargetID = 5967805F26C42E7500506CBE;
					};
					5967807B26C42E7900506CBE = {
						CreatedOnToolsVersion = 12.4;
						TestTargetID = 5967805F26C42E7500506CBE;
					};
				};
			};
			buildConfigurationList = 5967805B26C42E7500506CBE /* Build configuration list for PBXProject "Swift UI Tutorial" */;
			compatibilityVersion = "Xcode 9.3";
			developmentRegion = en;
			hasScannedForEncodings = 0;
			knownRegions = (
				en,
				Base,
			);
			mainGroup = 5967805726C42E7500506CBE;
			productRefGroup = 5967806126C42E7600506CBE /* Products */;
			projectDirPath = "";
			projectRoot = "";
			targets = (
				5967805F26C42E7500506CBE /* Swift UI Tutorial */,
				5967807026C42E7900506CBE /* Swift UI TutorialTests */,
				5967807B26C42E7900506CBE /* Swift UI TutorialUITests */,
			);
		};
/* End PBXProject section */

/* Begin PBXResourcesBuildPhase section */
		5967805E26C42E7500506CBE /* Resources */ = {
			isa = PBXResourcesBuildPhase;
			buildActionMask = 2147483647;
			files = (
				595159DE26C5A59200E1821E /* hikeData.json in Resources */,
				5967806B26C42E7900506CBE /* Preview Assets.xcassets in Resources */,
				5967806826C42E7900506CBE /* Assets.xcassets in Resources */,
				5967809D26C4406A00506CBE /* landmarkData.json in Resources */,
			);
			runOnlyForDeploymentPostprocessing = 0;
		};
		5967806F26C42E7900506CBE /* Resources */ = {
			isa = PBXResourcesBuildPhase;
			buildActionMask = 2147483647;
			files = (
			);
			runOnlyForDeploymentPostprocessing = 0;
		};
		5967807A26C42E7900506CBE /* Resources */ = {
			isa = PBXResourcesBuildPhase;
			buildActionMask = 2147483647;
			files = (
			);
			runOnlyForDeploymentPostprocessing = 0;
		};
/* End PBXResourcesBuildPhase section */

/* Begin PBXSourcesBuildPhase section */
		5967805C26C42E7500506CBE /* Sources */ = {
			isa = PBXSourcesBuildPhase;
			buildActionMask = 2147483647;
			files = (
				59DF618526C6D25500D579F0 /* CategoryRow.swift in Sources */,
				59DF619326C6DC9C00D579F0 /* Profile.swift in Sources */,
				5967806626C42E7600506CBE /* ContentView.swift in Sources */,
				59DF618026C6D09300D579F0 /* CategoryHome.swift in Sources */,
				595159ED26C5A62800E1821E /* HikeGraph.swift in Sources */,
				595159D826C598A000E1821E /* Badge.swift in Sources */,
				5967809726C4349C00506CBE /* MapView.swift in Sources */,
				595159EC26C5A62800E1821E /* GraphCapsule.swift in Sources */,
				5967806426C42E7600506CBE /* Swift_UI_TutorialApp.swift in Sources */,
				59F1384226C5855D00E3C4CC /* FavoriteButton.swift in Sources */,
				59DF618A26C6D50B00D579F0 /* CategoryItem.swift in Sources */,
				595159EE26C5A62800E1821E /* HikeDetail.swift in Sources */,
				59DF619E26C6DD3400D579F0 /* ProfileSummary.swift in Sources */,
				595159C426C593F400E1821E /* HexagonParameters.swift in Sources */,
				59DF619926C6DCCB00D579F0 /* ProfileHost.swift in Sources */,
				595159E326C5A5B800E1821E /* Hike.swift in Sources */,
				595159D326C5986000E1821E /* RotatedBadgeSymbol.swift in Sources */,
				595159CE26C596C600E1821E /* BadgeSymbol.swift in Sources */,
				596780B726C447D600506CBE /* LandmarkList.swift in Sources */,
				595159EF26C5A62800E1821E /* HikeView.swift in Sources */,
				596780BC26C448ED00506CBE /* LandmarkDetail.swift in Sources */,
				595159C926C5948700E1821E /* BadgeBackground.swift in Sources */,
				59DF61A326C6E05300D579F0 /* HikeBadge.swift in Sources */,
				5967809226C4336600506CBE /* CircleImage.swift in Sources */,
				596780A426C444E800506CBE /* Landmark.swift in Sources */,
				596780B226C4466800506CBE /* LandmarkItem.swift in Sources */,
				596780A926C445CF00506CBE /* ModelData.swift in Sources */,
			);
			runOnlyForDeploymentPostprocessing = 0;
		};
		5967806D26C42E7900506CBE /* Sources */ = {
			isa = PBXSourcesBuildPhase;
			buildActionMask = 2147483647;
			files = (
				5967807626C42E7900506CBE /* Swift_UI_TutorialTests.swift in Sources */,
			);
			runOnlyForDeploymentPostprocessing = 0;
		};
		5967807826C42E7900506CBE /* Sources */ = {
			isa = PBXSourcesBuildPhase;
			buildActionMask = 2147483647;
			files = (
				5967808126C42E7900506CBE /* Swift_UI_TutorialUITests.swift in Sources */,
			);
			runOnlyForDeploymentPostprocessing = 0;
		};
/* End PBXSourcesBuildPhase section */

/* Begin PBXTargetDependency section */
		5967807326C42E7900506CBE /* PBXTargetDependency */ = {
			isa = PBXTargetDependency;
			target = 5967805F26C42E7500506CBE /* Swift UI Tutorial */;
			targetProxy = 5967807226C42E7900506CBE /* PBXContainerItemProxy */;
		};
		5967807E26C42E7900506CBE /* PBXTargetDependency */ = {
			isa = PBXTargetDependency;
			target = 5967805F26C42E7500506CBE /* Swift UI Tutorial */;
			targetProxy = 5967807D26C42E7900506CBE /* PBXContainerItemProxy */;
		};
/* End PBXTargetDependency section */

/* Begin XCBuildConfiguration section */
		5967808326C42E7900506CBE /* Debug */ = {
			isa = XCBuildConfiguration;
			buildSettings = {
				ALWAYS_SEARCH_USER_PATHS = NO;
				CLANG_ANALYZER_NONNULL = YES;
				CLANG_ANALYZER_NUMBER_OBJECT_CONVERSION = YES_AGGRESSIVE;
				CLANG_CXX_LANGUAGE_STANDARD = "gnu++14";
				CLANG_CXX_LIBRARY = "libc++";
				CLANG_ENABLE_MODULES = YES;
				CLANG_ENABLE_OBJC_ARC = YES;
				CLANG_ENABLE_OBJC_WEAK = YES;
				CLANG_WARN_BLOCK_CAPTURE_AUTORELEASING = YES;
				CLANG_WARN_BOOL_CONVERSION = YES;
				CLANG_WARN_COMMA = YES;
				CLANG_WARN_CONSTANT_CONVERSION = YES;
				CLANG_WARN_DEPRECATED_OBJC_IMPLEMENTATIONS = YES;
				CLANG_WARN_DIRECT_OBJC_ISA_USAGE = YES_ERROR;
				CLANG_WARN_DOCUMENTATION_COMMENTS = YES;
				CLANG_WARN_EMPTY_BODY = YES;
				CLANG_WARN_ENUM_CONVERSION = YES;
				CLANG_WARN_INFINITE_RECURSION = YES;
				CLANG_WARN_INT_CONVERSION = YES;
				CLANG_WARN_NON_LITERAL_NULL_CONVERSION = YES;
				CLANG_WARN_OBJC_IMPLICIT_RETAIN_SELF = YES;
				CLANG_WARN_OBJC_LITERAL_CONVERSION = YES;
				CLANG_WARN_OBJC_ROOT_CLASS = YES_ERROR;
				CLANG_WARN_QUOTED_INCLUDE_IN_FRAMEWORK_HEADER = YES;
				CLANG_WARN_RANGE_LOOP_ANALYSIS = YES;
				CLANG_WARN_STRICT_PROTOTYPES = YES;
				CLANG_WARN_SUSPICIOUS_MOVE = YES;
				CLANG_WARN_UNGUARDED_AVAILABILITY = YES_AGGRESSIVE;
				CLANG_WARN_UNREACHABLE_CODE = YES;
				CLANG_WARN__DUPLICATE_METHOD_MATCH = YES;
				COPY_PHASE_STRIP = NO;
				DEBUG_INFORMATION_FORMAT = dwarf;
				ENABLE_STRICT_OBJC_MSGSEND = YES;
				ENABLE_TESTABILITY = YES;
				GCC_C_LANGUAGE_STANDARD = gnu11;
				GCC_DYNAMIC_NO_PIC = NO;
				GCC_NO_COMMON_BLOCKS = YES;
				GCC_OPTIMIZATION_LEVEL = 0;
				GCC_PREPROCESSOR_DEFINITIONS = (
					"DEBUG=1",
					"$(inherited)",
				);
				GCC_WARN_64_TO_32_BIT_CONVERSION = YES;
				GCC_WARN_ABOUT_RETURN_TYPE = YES_ERROR;
				GCC_WARN_UNDECLARED_SELECTOR = YES;
				GCC_WARN_UNINITIALIZED_AUTOS = YES_AGGRESSIVE;
				GCC_WARN_UNUSED_FUNCTION = YES;
				GCC_WARN_UNUSED_VARIABLE = YES;
				IPHONEOS_DEPLOYMENT_TARGET = 14.4;
				MTL_ENABLE_DEBUG_INFO = INCLUDE_SOURCE;
				MTL_FAST_MATH = YES;
				ONLY_ACTIVE_ARCH = YES;
				SDKROOT = iphoneos;
				SWIFT_ACTIVE_COMPILATION_CONDITIONS = DEBUG;
				SWIFT_OPTIMIZATION_LEVEL = "-Onone";
			};
			name = Debug;
		};
		5967808426C42E7900506CBE /* Release */ = {
			isa = XCBuildConfiguration;
			buildSettings = {
				ALWAYS_SEARCH_USER_PATHS = NO;
				CLANG_ANALYZER_NONNULL = YES;
				CLANG_ANALYZER_NUMBER_OBJECT_CONVERSION = YES_AGGRESSIVE;
				CLANG_CXX_LANGUAGE_STANDARD = "gnu++14";
				CLANG_CXX_LIBRARY = "libc++";
				CLANG_ENABLE_MODULES = YES;
				CLANG_ENABLE_OBJC_ARC = YES;
				CLANG_ENABLE_OBJC_WEAK = YES;
				CLANG_WARN_BLOCK_CAPTURE_AUTORELEASING = YES;
				CLANG_WARN_BOOL_CONVERSION = YES;
				CLANG_WARN_COMMA = YES;
				CLANG_WARN_CONSTANT_CONVERSION = YES;
				CLANG_WARN_DEPRECATED_OBJC_IMPLEMENTATIONS = YES;
				CLANG_WARN_DIRECT_OBJC_ISA_USAGE = YES_ERROR;
				CLANG_WARN_DOCUMENTATION_COMMENTS = YES;
				CLANG_WARN_EMPTY_BODY = YES;
				CLANG_WARN_ENUM_CONVERSION = YES;
				CLANG_WARN_INFINITE_RECURSION = YES;
				CLANG_WARN_INT_CONVERSION = YES;
				CLANG_WARN_NON_LITERAL_NULL_CONVERSION = YES;
				CLANG_WARN_OBJC_IMPLICIT_RETAIN_SELF = YES;
				CLANG_WARN_OBJC_LITERAL_CONVERSION = YES;
				CLANG_WARN_OBJC_ROOT_CLASS = YES_ERROR;
				CLANG_WARN_QUOTED_INCLUDE_IN_FRAMEWORK_HEADER = YES;
				CLANG_WARN_RANGE_LOOP_ANALYSIS = YES;
				CLANG_WARN_STRICT_PROTOTYPES = YES;
				CLANG_WARN_SUSPICIOUS_MOVE = YES;
				CLANG_WARN_UNGUARDED_AVAILABILITY = YES_AGGRESSIVE;
				CLANG_WARN_UNREACHABLE_CODE = YES;
				CLANG_WARN__DUPLICATE_METHOD_MATCH = YES;
				COPY_PHASE_STRIP = NO;
				DEBUG_INFORMATION_FORMAT = "dwarf-with-dsym";
				ENABLE_NS_ASSERTIONS = NO;
				ENABLE_STRICT_OBJC_MSGSEND = YES;
				GCC_C_LANGUAGE_STANDARD = gnu11;
				GCC_NO_COMMON_BLOCKS = YES;
				GCC_WARN_64_TO_32_BIT_CONVERSION = YES;
				GCC_WARN_ABOUT_RETURN_TYPE = YES_ERROR;
				GCC_WARN_UNDECLARED_SELECTOR = YES;
				GCC_WARN_UNINITIALIZED_AUTOS = YES_AGGRESSIVE;
				GCC_WARN_UNUSED_FUNCTION = YES;
				GCC_WARN_UNUSED_VARIABLE = YES;
				IPHONEOS_DEPLOYMENT_TARGET = 14.4;
				MTL_ENABLE_DEBUG_INFO = NO;
				MTL_FAST_MATH = YES;
				SDKROOT = iphoneos;
				SWIFT_COMPILATION_MODE = wholemodule;
				SWIFT_OPTIMIZATION_LEVEL = "-O";
				VALIDATE_PRODUCT = YES;
			};
			name = Release;
		};
		5967808626C42E7900506CBE /* Debug */ = {
			isa = XCBuildConfiguration;
			buildSettings = {
				ASSETCATALOG_COMPILER_APPICON_NAME = AppIcon;
				ASSETCATALOG_COMPILER_GLOBAL_ACCENT_COLOR_NAME = AccentColor;
				CODE_SIGN_STYLE = Automatic;
				DEVELOPMENT_ASSET_PATHS = "\"Swift UI Tutorial/Preview Content\"";
				DEVELOPMENT_TEAM = P9SU7L9JD6;
				ENABLE_PREVIEWS = YES;
				INFOPLIST_FILE = "Swift UI Tutorial/Info.plist";
				IPHONEOS_DEPLOYMENT_TARGET = 14.0;
				LD_RUNPATH_SEARCH_PATHS = (
					"$(inherited)",
					"@executable_path/Frameworks",
				);
				PRODUCT_BUNDLE_IDENTIFIER = "br.jpsp.Swift-UI-Tutorial";
				PRODUCT_NAME = "$(TARGET_NAME)";
				SWIFT_VERSION = 5.0;
				TARGETED_DEVICE_FAMILY = "1,2";
			};
			name = Debug;
		};
		5967808726C42E7900506CBE /* Release */ = {
			isa = XCBuildConfiguration;
			buildSettings = {
				ASSETCATALOG_COMPILER_APPICON_NAME = AppIcon;
				ASSETCATALOG_COMPILER_GLOBAL_ACCENT_COLOR_NAME = AccentColor;
				CODE_SIGN_STYLE = Automatic;
				DEVELOPMENT_ASSET_PATHS = "\"Swift UI Tutorial/Preview Content\"";
				DEVELOPMENT_TEAM = P9SU7L9JD6;
				ENABLE_PREVIEWS = YES;
				INFOPLIST_FILE = "Swift UI Tutorial/Info.plist";
				IPHONEOS_DEPLOYMENT_TARGET = 14.0;
				LD_RUNPATH_SEARCH_PATHS = (
					"$(inherited)",
					"@executable_path/Frameworks",
				);
				PRODUCT_BUNDLE_IDENTIFIER = "br.jpsp.Swift-UI-Tutorial";
				PRODUCT_NAME = "$(TARGET_NAME)";
				SWIFT_VERSION = 5.0;
				TARGETED_DEVICE_FAMILY = "1,2";
			};
			name = Release;
		};
		5967808926C42E7900506CBE /* Debug */ = {
			isa = XCBuildConfiguration;
			buildSettings = {
				ALWAYS_EMBED_SWIFT_STANDARD_LIBRARIES = YES;
				BUNDLE_LOADER = "$(TEST_HOST)";
				CODE_SIGN_STYLE = Automatic;
				DEVELOPMENT_TEAM = P9SU7L9JD6;
				INFOPLIST_FILE = "Swift UI TutorialTests/Info.plist";
				IPHONEOS_DEPLOYMENT_TARGET = 14.0;
				LD_RUNPATH_SEARCH_PATHS = (
					"$(inherited)",
					"@executable_path/Frameworks",
					"@loader_path/Frameworks",
				);
				PRODUCT_BUNDLE_IDENTIFIER = "br.jpsp.Swift-UI-TutorialTests";
				PRODUCT_NAME = "$(TARGET_NAME)";
				SWIFT_VERSION = 5.0;
				TARGETED_DEVICE_FAMILY = "1,2";
				TEST_HOST = "$(BUILT_PRODUCTS_DIR)/Swift UI Tutorial.app/Swift UI Tutorial";
			};
			name = Debug;
		};
		5967808A26C42E7900506CBE /* Release */ = {
			isa = XCBuildConfiguration;
			buildSettings = {
				ALWAYS_EMBED_SWIFT_STANDARD_LIBRARIES = YES;
				BUNDLE_LOADER = "$(TEST_HOST)";
				CODE_SIGN_STYLE = Automatic;
				DEVELOPMENT_TEAM = P9SU7L9JD6;
				INFOPLIST_FILE = "Swift UI TutorialTests/Info.plist";
				IPHONEOS_DEPLOYMENT_TARGET = 14.0;
				LD_RUNPATH_SEARCH_PATHS = (
					"$(inherited)",
					"@executable_path/Frameworks",
					"@loader_path/Frameworks",
				);
				PRODUCT_BUNDLE_IDENTIFIER = "br.jpsp.Swift-UI-TutorialTests";
				PRODUCT_NAME = "$(TARGET_NAME)";
				SWIFT_VERSION = 5.0;
				TARGETED_DEVICE_FAMILY = "1,2";
				TEST_HOST = "$(BUILT_PRODUCTS_DIR)/Swift UI Tutorial.app/Swift UI Tutorial";
			};
			name = Release;
		};
		5967808C26C42E7900506CBE /* Debug */ = {
			isa = XCBuildConfiguration;
			buildSettings = {
				ALWAYS_EMBED_SWIFT_STANDARD_LIBRARIES = YES;
				CODE_SIGN_STYLE = Automatic;
				DEVELOPMENT_TEAM = P9SU7L9JD6;
				INFOPLIST_FILE = "Swift UI TutorialUITests/Info.plist";
				LD_RUNPATH_SEARCH_PATHS = (
					"$(inherited)",
					"@executable_path/Frameworks",
					"@loader_path/Frameworks",
				);
				PRODUCT_BUNDLE_IDENTIFIER = "br.jpsp.Swift-UI-TutorialUITests";
				PRODUCT_NAME = "$(TARGET_NAME)";
				SWIFT_VERSION = 5.0;
				TARGETED_DEVICE_FAMILY = "1,2";
				TEST_TARGET_NAME = "Swift UI Tutorial";
			};
			name = Debug;
		};
		5967808D26C42E7900506CBE /* Release */ = {
			isa = XCBuildConfiguration;
			buildSettings = {
				ALWAYS_EMBED_SWIFT_STANDARD_LIBRARIES = YES;
				CODE_SIGN_STYLE = Automatic;
				DEVELOPMENT_TEAM = P9SU7L9JD6;
				INFOPLIST_FILE = "Swift UI TutorialUITests/Info.plist";
				LD_RUNPATH_SEARCH_PATHS = (
					"$(inherited)",
					"@executable_path/Frameworks",
					"@loader_path/Frameworks",
				);
				PRODUCT_BUNDLE_IDENTIFIER = "br.jpsp.Swift-UI-TutorialUITests";
				PRODUCT_NAME = "$(TARGET_NAME)";
				SWIFT_VERSION = 5.0;
				TARGETED_DEVICE_FAMILY = "1,2";
				TEST_TARGET_NAME = "Swift UI Tutorial";
			};
			name = Release;
		};
/* End XCBuildConfiguration section */

/* Begin XCConfigurationList section */
		5967805B26C42E7500506CBE /* Build configuration list for PBXProject "Swift UI Tutorial" */ = {
			isa = XCConfigurationList;
			buildConfigurations = (
				5967808326C42E7900506CBE /* Debug */,
				5967808426C42E7900506CBE /* Release */,
			);
			defaultConfigurationIsVisible = 0;
			defaultConfigurationName = Release;
		};
		5967808526C42E7900506CBE /* Build configuration list for PBXNativeTarget "Swift UI Tutorial" */ = {
			isa = XCConfigurationList;
			buildConfigurations = (
				5967808626C42E7900506CBE /* Debug */,
				5967808726C42E7900506CBE /* Release */,
			);
			defaultConfigurationIsVisible = 0;
			defaultConfigurationName = Release;
		};
		5967808826C42E7900506CBE /* Build configuration list for PBXNativeTarget "Swift UI TutorialTests" */ = {
			isa = XCConfigurationList;
			buildConfigurations = (
				5967808926C42E7900506CBE /* Debug */,
				5967808A26C42E7900506CBE /* Release */,
			);
			defaultConfigurationIsVisible = 0;
			defaultConfigurationName = Release;
		};
		5967808B26C42E7900506CBE /* Build configuration list for PBXNativeTarget "Swift UI TutorialUITests" */ = {
			isa = XCConfigurationList;
			buildConfigurations = (
				5967808C26C42E7900506CBE /* Debug */,
				5967808D26C42E7900506CBE /* Release */,
			);
			defaultConfigurationIsVisible = 0;
			defaultConfigurationName = Release;
		};
/* End XCConfigurationList section */
	};
	rootObject = 5967805826C42E7500506CBE /* Project object */;
}
